<?xml version="1.0" encoding="UTF-8"?>
<CodeBlocks_project_file>
	<FileVersion major="1" minor="6"/>
	<Project>
		<Option title="home1"/>
		<Option makefile_is_custom="1"/>
		<Option compiler="gcc"/>
		<Option virtualFolders="CMake Files\;CMake Files\MotokoGL\;CMake Files\home1\;CMake Files\p1\;CMake Files\triangle\;"/>
		<Build>
			<Target title="all">
				<Option working_dir="D:/alex/qt/openglfun2/build-pract-External_MinGW-Default/home1"/>
				<Option type="4"/>
				<MakeCommands>
					<Build command="D:/msys64/mingw64/bin/mingw32-make.exe -f &quot;D:/alex/qt/openglfun2/build-pract-External_MinGW-Default/home1/Makefile&quot;  VERBOSE=1 all"/>
					<CompileFile command="D:/msys64/mingw64/bin/mingw32-make.exe -f &quot;D:/alex/qt/openglfun2/build-pract-External_MinGW-Default/home1/Makefile&quot;  VERBOSE=1 &quot;$file&quot;"/>
					<Clean command="D:/msys64/mingw64/bin/mingw32-make.exe -f &quot;D:/alex/qt/openglfun2/build-pract-External_MinGW-Default/home1/Makefile&quot;  VERBOSE=1 clean"/>
					<DistClean command="D:/msys64/mingw64/bin/mingw32-make.exe -f &quot;D:/alex/qt/openglfun2/build-pract-External_MinGW-Default/home1/Makefile&quot;  VERBOSE=1 clean"/>
				</MakeCommands>
			</Target>
			<Target title="home1">
				<Option output="D:/alex/qt/openglfun2/build-pract-External_MinGW-Default/home1/home1.exe" prefix_auto="0" extension_auto="0"/>
				<Option working_dir="D:/alex/qt/openglfun2/build-pract-External_MinGW-Default/home1"/>
				<Option object_output="./"/>
				<Option type="1"/>
				<Option compiler="gcc"/>
				<Compiler>
					<Add directory="D:/alex/qt/openglfun2/pract/MotokoGL"/>
					<Add directory="D:/msys64/mingw64/bin/../lib/gcc/x86_64-w64-mingw32/7.2.0/../../../../include/c++/7.2.0"/>
					<Add directory="D:/msys64/mingw64/bin/../lib/gcc/x86_64-w64-mingw32/7.2.0/../../../../include/c++/7.2.0/x86_64-w64-mingw32"/>
					<Add directory="D:/msys64/mingw64/bin/../lib/gcc/x86_64-w64-mingw32/7.2.0/../../../../include/c++/7.2.0/backward"/>
					<Add directory="D:/msys64/mingw64/bin/../lib/gcc/x86_64-w64-mingw32/7.2.0/include"/>
					<Add directory="D:/msys64/mingw64/bin/../lib/gcc/x86_64-w64-mingw32/7.2.0/../../../../include"/>
					<Add directory="D:/msys64/mingw64/bin/../lib/gcc/x86_64-w64-mingw32/7.2.0/include-fixed"/>
					<Add directory="D:/msys64/mingw64/bin/../lib/gcc/x86_64-w64-mingw32/7.2.0/../../../../x86_64-w64-mingw32/include"/>
				</Compiler>
				<MakeCommands>
					<Build command="D:/msys64/mingw64/bin/mingw32-make.exe -f &quot;D:/alex/qt/openglfun2/build-pract-External_MinGW-Default/home1/Makefile&quot;  VERBOSE=1 home1"/>
					<CompileFile command="D:/msys64/mingw64/bin/mingw32-make.exe -f &quot;D:/alex/qt/openglfun2/build-pract-External_MinGW-Default/home1/Makefile&quot;  VERBOSE=1 &quot;$file&quot;"/>
					<Clean command="D:/msys64/mingw64/bin/mingw32-make.exe -f &quot;D:/alex/qt/openglfun2/build-pract-External_MinGW-Default/home1/Makefile&quot;  VERBOSE=1 clean"/>
					<DistClean command="D:/msys64/mingw64/bin/mingw32-make.exe -f &quot;D:/alex/qt/openglfun2/build-pract-External_MinGW-Default/home1/Makefile&quot;  VERBOSE=1 clean"/>
				</MakeCommands>
			</Target>
			<Target title="home1/fast">
				<Option output="D:/alex/qt/openglfun2/build-pract-External_MinGW-Default/home1/home1.exe" prefix_auto="0" extension_auto="0"/>
				<Option working_dir="D:/alex/qt/openglfun2/build-pract-External_MinGW-Default/home1"/>
				<Option object_output="./"/>
				<Option type="1"/>
				<Option compiler="gcc"/>
				<Compiler>
					<Add directory="D:/alex/qt/openglfun2/pract/MotokoGL"/>
					<Add directory="D:/msys64/mingw64/bin/../lib/gcc/x86_64-w64-mingw32/7.2.0/../../../../include/c++/7.2.0"/>
					<Add directory="D:/msys64/mingw64/bin/../lib/gcc/x86_64-w64-mingw32/7.2.0/../../../../include/c++/7.2.0/x86_64-w64-mingw32"/>
					<Add directory="D:/msys64/mingw64/bin/../lib/gcc/x86_64-w64-mingw32/7.2.0/../../../../include/c++/7.2.0/backward"/>
					<Add directory="D:/msys64/mingw64/bin/../lib/gcc/x86_64-w64-mingw32/7.2.0/include"/>
					<Add directory="D:/msys64/mingw64/bin/../lib/gcc/x86_64-w64-mingw32/7.2.0/../../../../include"/>
					<Add directory="D:/msys64/mingw64/bin/../lib/gcc/x86_64-w64-mingw32/7.2.0/include-fixed"/>
					<Add directory="D:/msys64/mingw64/bin/../lib/gcc/x86_64-w64-mingw32/7.2.0/../../../../x86_64-w64-mingw32/include"/>
				</Compiler>
				<MakeCommands>
					<Build command="D:/msys64/mingw64/bin/mingw32-make.exe -f &quot;D:/alex/qt/openglfun2/build-pract-External_MinGW-Default/home1/Makefile&quot;  VERBOSE=1 home1/fast"/>
					<CompileFile command="D:/msys64/mingw64/bin/mingw32-make.exe -f &quot;D:/alex/qt/openglfun2/build-pract-External_MinGW-Default/home1/Makefile&quot;  VERBOSE=1 &quot;$file&quot;"/>
					<Clean command="D:/msys64/mingw64/bin/mingw32-make.exe -f &quot;D:/alex/qt/openglfun2/build-pract-External_MinGW-Default/home1/Makefile&quot;  VERBOSE=1 clean"/>
					<DistClean command="D:/msys64/mingw64/bin/mingw32-make.exe -f &quot;D:/alex/qt/openglfun2/build-pract-External_MinGW-Default/home1/Makefile&quot;  VERBOSE=1 clean"/>
				</MakeCommands>
			</Target>
		</Build>
		<Unit filename="D:/alex/qt/openglfun2/pract/home1/main.cpp">
			<Option target="home1"/>
		</Unit>
		<Unit filename="D:/alex/qt/openglfun2/pract/home1/vaofactory.cpp">
			<Option target="home1"/>
		</Unit>
		<Unit filename="D:/alex/qt/openglfun2/pract/home1/vaofactory.h">
			<Option target="home1"/>
		</Unit>
		<Unit filename="D:/alex/qt/openglfun2/pract/CMakeLists.txt">
			<Option virtualFolder="CMake Files\"/>
		</Unit>
		<Unit filename="D:/alex/qt/openglfun2/pract/MotokoGL/CMakeLists.txt">
			<Option virtualFolder="CMake Files\MotokoGL\"/>
		</Unit>
		<Unit filename="D:/alex/qt/openglfun2/pract/MotokoGL/CMakeLists.txt">
			<Option virtualFolder="CMake Files\MotokoGL\"/>
		</Unit>
		<Unit filename="D:/alex/qt/openglfun2/pract/home1/CMakeLists.txt">
			<Option virtualFolder="CMake Files\home1\"/>
		</Unit>
		<Unit filename="D:/alex/qt/openglfun2/pract/home1/CMakeLists.txt">
			<Option virtualFolder="CMake Files\home1\"/>
		</Unit>
		<Unit filename="D:/alex/qt/openglfun2/pract/p1/CMakeLists.txt">
			<Option virtualFolder="CMake Files\p1\"/>
		</Unit>
		<Unit filename="D:/alex/qt/openglfun2/pract/p1/CMakeLists.txt">
			<Option virtualFolder="CMake Files\p1\"/>
		</Unit>
		<Unit filename="D:/alex/qt/openglfun2/pract/triangle/CMakeLists.txt">
			<Option virtualFolder="CMake Files\triangle\"/>
		</Unit>
		<Unit filename="D:/alex/qt/openglfun2/pract/triangle/CMakeLists.txt">
			<Option virtualFolder="CMake Files\triangle\"/>
		</Unit>
	</Project>
</CodeBlocks_project_file>
